
Microsoft Visual Studio Solution File, Format Version 12.00
# Visual Studio Version 16
VisualStudioVersion = 16.0.29503.13
MinimumVisualStudioVersion = 10.0.40219.1
Project("{FAE04EC0-301F-11D3-BF4B-00C04F79EFBC}") = "newCalculator", "newCalculator\newCalculator.csproj", "{EDC5592D-8D14-4231-895E-B70E7FA055C7}"
EndProject
Global
	GlobalSection(SolutionConfigurationPlatforms) = preSolution
		Debug|Any CPU = Debug|Any CPU
		Release|Any CPU = Release|Any CPU
	EndGlobalSection
	GlobalSection(ProjectConfigurationPlatforms) = postSolution
		{EDC5592D-8D14-4231-895E-B70E7FA055C7}.Debug|Any CPU.ActiveCfg = Debug|Any CPU
		{EDC5592D-8D14-4231-895E-B70E7FA055C7}.Debug|Any CPU.Build.0 = Debug|Any CPU
		{EDC5592D-8D14-4231-895E-B70E7FA055C7}.Release|Any CPU.ActiveCfg = Release|Any CPU
		{EDC5592D-8D14-4231-895E-B70E7FA055C7}.Release|Any CPU.Build.0 = Release|Any CPU
	EndGlobalSection
	GlobalSection(SolutionProperties) = preSolution
		HideSolutionNode = FALSE
	EndGlobalSection
	GlobalSection(ExtensibilityGlobals) = postSolution
		SolutionGuid = {18AA5E76-DF5E-4BBA-9449-E4702CF41253}
	EndGlobalSection
EndGlobal
